
Microsoft Visual Studio Solution File, Format Version 12.00
# Visual Studio Version 16
VisualStudioVersion = 16.0.30404.54
MinimumVisualStudioVersion = 10.0.40219.1
Project("{FAE04EC0-301F-11D3-BF4B-00C04F79EFBC}") = "dotnet5_jwt", "dotnet5_jwt.csproj", "{38B7E148-8372-4E6A-976F-E559F06846C4}"
EndProject
Global
	GlobalSection(SolutionConfigurationPlatforms) = preSolution
		Debug|Any CPU = Debug|Any CPU
		Release|Any CPU = Release|Any CPU
	EndGlobalSection
	GlobalSection(ProjectConfigurationPlatforms) = postSolution
		{38B7E148-8372-4E6A-976F-E559F06846C4}.Debug|Any CPU.ActiveCfg = Debug|Any CPU
		{38B7E148-8372-4E6A-976F-E559F06846C4}.Debug|Any CPU.Build.0 = Debug|Any CPU
		{38B7E148-8372-4E6A-976F-E559F06846C4}.Release|Any CPU.ActiveCfg = Release|Any CPU
		{38B7E148-8372-4E6A-976F-E559F06846C4}.Release|Any CPU.Build.0 = Release|Any CPU
	EndGlobalSection
	GlobalSection(SolutionProperties) = preSolution
		HideSolutionNode = FALSE
	EndGlobalSection
	GlobalSection(ExtensibilityGlobals) = postSolution
		SolutionGuid = {BB6E69F8-116F-4389-83FB-03BBED7E039A}
	EndGlobalSection
EndGlobal
